
Microsoft Visual Studio Solution File, Format Version 12.00
# Visual Studio 15
VisualStudioVersion = 15.0.27703.2047
MinimumVisualStudioVersion = 10.0.40219.1
Project("{FAE04EC0-301F-11D3-BF4B-00C04F79EFBC}") = "ConsoleUI", "ConsoleUI\ConsoleUI.csproj", "{E3B08F5B-E55F-42B1-95CF-EDF98BC9BD52}"
EndProject
Project("{2150E333-8FDC-42A3-9474-1A3956D46DE8}") = "Solution Items", "Solution Items", "{5EE539A3-47C9-45CF-8035-180C7091A550}"
	ProjectSection(SolutionItems) = preProject
		AXCode\Class_LabelTranslate.xpo = AXCode\Class_LabelTranslate.xpo
		README.md = README.md
	EndProjectSection
EndProject
Global
	GlobalSection(SolutionConfigurationPlatforms) = preSolution
		Debug|Any CPU = Debug|Any CPU
		Release|Any CPU = Release|Any CPU
	EndGlobalSection
	GlobalSection(ProjectConfigurationPlatforms) = postSolution
		{E3B08F5B-E55F-42B1-95CF-EDF98BC9BD52}.Debug|Any CPU.ActiveCfg = Debug|Any CPU
		{E3B08F5B-E55F-42B1-95CF-EDF98BC9BD52}.Debug|Any CPU.Build.0 = Debug|Any CPU
		{E3B08F5B-E55F-42B1-95CF-EDF98BC9BD52}.Release|Any CPU.ActiveCfg = Release|Any CPU
		{E3B08F5B-E55F-42B1-95CF-EDF98BC9BD52}.Release|Any CPU.Build.0 = Release|Any CPU
	EndGlobalSection
	GlobalSection(SolutionProperties) = preSolution
		HideSolutionNode = FALSE
	EndGlobalSection
	GlobalSection(ExtensibilityGlobals) = postSolution
		SolutionGuid = {37DA0B3B-7170-4B6E-9A69-3F201C2927BA}
	EndGlobalSection
EndGlobal
